// !$*UTF8*$!
{
	archiveVersion = 1;
	classes = {
	};
	objectVersion = 52;
	objects = {

/* Begin PBXBuildFile section */
		2B1FE5082893E8320095457E /* AppDelegate.swift in Sources */ = {isa = PBXBuildFile; fileRef = 2B1FE5072893E8320095457E /* AppDelegate.swift */; };
		2B1FE50A2893E8320095457E /* ContentView.swift in Sources */ = {isa = PBXBuildFile; fileRef = 2B1FE5092893E8320095457E /* ContentView.swift */; };
		2B1FE50E2893E8350095457E /* Assets.xcassets in Resources */ = {isa = PBXBuildFile; fileRef = 2B1FE50D2893E8350095457E /* Assets.xcassets */; };
		2B1FE5112893E8350095457E /* Preview Assets.xcassets in Resources */ = {isa = PBXBuildFile; fileRef = 2B1FE5102893E8350095457E /* Preview Assets.xcassets */; };
		2B7BF461289A5BEC00633AB7 /* FocusEntity in Frameworks */ = {isa = PBXBuildFile; productRef = 2B7BF460289A5BEC00633AB7 /* FocusEntity */; };
		2B8283D0289A14DE00C14B63 /* toy_drummer.usdz in Resources */ = {isa = PBXBuildFile; fileRef = 2B8283CF289A14DE00C14B63 /* toy_drummer.usdz */; };
		2BADDB1F28B8BDAA008305D3 /* ModelData.swift in Sources */ = {isa = PBXBuildFile; fileRef = 2BADDB1E28B8BDAA008305D3 /* ModelData.swift */; };
		2BAF555428B5D05A008DDC3C /* ARViewContainer.swift in Sources */ = {isa = PBXBuildFile; fileRef = 2BAF555328B5D05A008DDC3C /* ARViewContainer.swift */; };
		2BAF555628B5D0F4008DDC3C /* ARViewCoordinator.swift in Sources */ = {isa = PBXBuildFile; fileRef = 2BAF555528B5D0F4008DDC3C /* ARViewCoordinator.swift */; };
		2BAF555828B5D838008DDC3C /* BoreArViewDelegate.swift in Sources */ = {isa = PBXBuildFile; fileRef = 2BAF555728B5D838008DDC3C /* BoreArViewDelegate.swift */; };
		2BAF557928B606CA008DDC3C /* SignModel.swift in Sources */ = {isa = PBXBuildFile; fileRef = 2BAF557828B606CA008DDC3C /* SignModel.swift */; };
		2BB01358289927D00014773A /* toy_biplane.usdz in Resources */ = {isa = PBXBuildFile; fileRef = 2BB01357289927D00014773A /* toy_biplane.usdz */; };
		2BB480A728BC916400BD23E5 /* BoreArView+Persistence.swift in Sources */ = {isa = PBXBuildFile; fileRef = 2BB480A628BC916400BD23E5 /* BoreArView+Persistence.swift */; };
		2BBAB8C028B4BB09001694F3 /* BoreArView.swift in Sources */ = {isa = PBXBuildFile; fileRef = 2BBAB8BF28B4BB09001694F3 /* BoreArView.swift */; };
		2BBAB8C228B4BBF1001694F3 /* BoreArView+Coaching.swift in Sources */ = {isa = PBXBuildFile; fileRef = 2BBAB8C128B4BBF1001694F3 /* BoreArView+Coaching.swift */; };
		2BBAB8C428B4BC36001694F3 /* BoreArView+Gesture.swift in Sources */ = {isa = PBXBuildFile; fileRef = 2BBAB8C328B4BC36001694F3 /* BoreArView+Gesture.swift */; };
		2BBAB8C628B4BF09001694F3 /* BoreArView+FocusEntity.swift in Sources */ = {isa = PBXBuildFile; fileRef = 2BBAB8C528B4BF09001694F3 /* BoreArView+FocusEntity.swift */; };
		2BBAB8C928B4D001001694F3 /* SignEntity.swift in Sources */ = {isa = PBXBuildFile; fileRef = 2BBAB8C828B4D001001694F3 /* SignEntity.swift */; };
		2BBC473B28B75B7D00D7A781 /* SignEditView.swift in Sources */ = {isa = PBXBuildFile; fileRef = 2BBC473A28B75B7D00D7A781 /* SignEditView.swift */; };
		2BBC473E28B7603700D7A781 /* ColorUtil.swift in Sources */ = {isa = PBXBuildFile; fileRef = 2BBC473D28B7603700D7A781 /* ColorUtil.swift */; };
/* End PBXBuildFile section */

/* Begin PBXFileReference section */
		2B1FE5042893E8320095457E /* ARDemo.app */ = {isa = PBXFileReference; explicitFileType = wrapper.application; includeInIndex = 0; path = ARDemo.app; sourceTree = BUILT_PRODUCTS_DIR; };
		2B1FE5072893E8320095457E /* AppDelegate.swift */ = {isa = PBXFileReference; lastKnownFileType = sourcecode.swift; path = AppDelegate.swift; sourceTree = "<group>"; };
		2B1FE5092893E8320095457E /* ContentView.swift */ = {isa = PBXFileReference; lastKnownFileType = sourcecode.swift; path = ContentView.swift; sourceTree = "<group>"; };
		2B1FE50D2893E8350095457E /* Assets.xcassets */ = {isa = PBXFileReference; lastKnownFileType = folder.assetcatalog; path = Assets.xcassets; sourceTree = "<group>"; };
		2B1FE5102893E8350095457E /* Preview Assets.xcassets */ = {isa = PBXFileReference; lastKnownFileType = folder.assetcatalog; path = "Preview Assets.xcassets"; sourceTree = "<group>"; };
		2B1FE5122893E8350095457E /* Info.plist */ = {isa = PBXFileReference; lastKnownFileType = text.plist.xml; path = Info.plist; sourceTree = "<group>"; };
		2B7BF464289A80C300633AB7 /* AR会话 1.mov */ = {isa = PBXFileReference; lastKnownFileType = video.quicktime; name = "AR会话 1.mov"; path = "../../../../Desktop/AR/AR会话 1.mov"; sourceTree = "<group>"; };
		2B8283CF289A14DE00C14B63 /* toy_drummer.usdz */ = {isa = PBXFileReference; lastKnownFileType = file.usdz; name = toy_drummer.usdz; path = ../../../../../../Downloads/toy_drummer.usdz; sourceTree = "<group>"; };
		2BADDB1E28B8BDAA008305D3 /* ModelData.swift */ = {isa = PBXFileReference; lastKnownFileType = sourcecode.swift; path = ModelData.swift; sourceTree = "<group>"; };
		2BAF555328B5D05A008DDC3C /* ARViewContainer.swift */ = {isa = PBXFileReference; lastKnownFileType = sourcecode.swift; path = ARViewContainer.swift; sourceTree = "<group>"; };
		2BAF555528B5D0F4008DDC3C /* ARViewCoordinator.swift */ = {isa = PBXFileReference; lastKnownFileType = sourcecode.swift; path = ARViewCoordinator.swift; sourceTree = "<group>"; };
		2BAF555728B5D838008DDC3C /* BoreArViewDelegate.swift */ = {isa = PBXFileReference; lastKnownFileType = sourcecode.swift; path = BoreArViewDelegate.swift; sourceTree = "<group>"; };
		2BAF557828B606CA008DDC3C /* SignModel.swift */ = {isa = PBXFileReference; lastKnownFileType = sourcecode.swift; path = SignModel.swift; sourceTree = "<group>"; };
		2BB01357289927D00014773A /* toy_biplane.usdz */ = {isa = PBXFileReference; lastKnownFileType = file.usdz; name = toy_biplane.usdz; path = ../../../../../../Downloads/toy_biplane.usdz; sourceTree = "<group>"; };
		2BB480A628BC916400BD23E5 /* BoreArView+Persistence.swift */ = {isa = PBXFileReference; lastKnownFileType = sourcecode.swift; path = "BoreArView+Persistence.swift"; sourceTree = "<group>"; };
		2BBAB8BF28B4BB09001694F3 /* BoreArView.swift */ = {isa = PBXFileReference; lastKnownFileType = sourcecode.swift; path = BoreArView.swift; sourceTree = "<group>"; };
		2BBAB8C128B4BBF1001694F3 /* BoreArView+Coaching.swift */ = {isa = PBXFileReference; lastKnownFileType = sourcecode.swift; path = "BoreArView+Coaching.swift"; sourceTree = "<group>"; };
		2BBAB8C328B4BC36001694F3 /* BoreArView+Gesture.swift */ = {isa = PBXFileReference; lastKnownFileType = sourcecode.swift; path = "BoreArView+Gesture.swift"; sourceTree = "<group>"; };
		2BBAB8C528B4BF09001694F3 /* BoreArView+FocusEntity.swift */ = {isa = PBXFileReference; lastKnownFileType = sourcecode.swift; path = "BoreArView+FocusEntity.swift"; sourceTree = "<group>"; };
		2BBAB8C828B4D001001694F3 /* SignEntity.swift */ = {isa = PBXFileReference; lastKnownFileType = sourcecode.swift; path = SignEntity.swift; sourceTree = "<group>"; };
		2BBC473A28B75B7D00D7A781 /* SignEditView.swift */ = {isa = PBXFileReference; lastKnownFileType = sourcecode.swift; path = SignEditView.swift; sourceTree = "<group>"; };
		2BBC473D28B7603700D7A781 /* ColorUtil.swift */ = {isa = PBXFileReference; lastKnownFileType = sourcecode.swift; path = ColorUtil.swift; sourceTree = "<group>"; };
/* End PBXFileReference section */

/* Begin PBXFrameworksBuildPhase section */
		2B1FE5012893E8320095457E /* Frameworks */ = {
			isa = PBXFrameworksBuildPhase;
			buildActionMask = 2147483647;
			files = (
				2B7BF461289A5BEC00633AB7 /* FocusEntity in Frameworks */,
			);
			runOnlyForDeploymentPostprocessing = 0;
		};
/* End PBXFrameworksBuildPhase section */

/* Begin PBXGroup section */
		2B1FE4FB2893E8320095457E = {
			isa = PBXGroup;
			children = (
				2B7BF464289A80C300633AB7 /* AR会话 1.mov */,
				2B1FE5062893E8320095457E /* ARDemo */,
				2B1FE5052893E8320095457E /* Products */,
			);
			sourceTree = "<group>";
		};
		2B1FE5052893E8320095457E /* Products */ = {
			isa = PBXGroup;
			children = (
				2B1FE5042893E8320095457E /* ARDemo.app */,
			);
			name = Products;
			sourceTree = "<group>";
		};
		2B1FE5062893E8320095457E /* ARDemo */ = {
			isa = PBXGroup;
			children = (
				2B1FE5092893E8320095457E /* ContentView.swift */,
				2BB2D74428A39F0500390CA4 /* Views */,
				2BAF557728B606A9008DDC3C /* Model */,
				2BBAB8C728B4CFD4001694F3 /* ARClasses */,
				2BB01356289927950014773A /* models */,
				2BBC473C28B7602500D7A781 /* Utils */,
				2B1FE5072893E8320095457E /* AppDelegate.swift */,
				2B1FE50D2893E8350095457E /* Assets.xcassets */,
				2B1FE5122893E8350095457E /* Info.plist */,
				2B1FE50F2893E8350095457E /* Preview Content */,
			);
			path = ARDemo;
			sourceTree = "<group>";
		};
		2B1FE50F2893E8350095457E /* Preview Content */ = {
			isa = PBXGroup;
			children = (
				2B1FE5102893E8350095457E /* Preview Assets.xcassets */,
			);
			path = "Preview Content";
			sourceTree = "<group>";
		};
		2BAF557728B606A9008DDC3C /* Model */ = {
			isa = PBXGroup;
			children = (
				2BAF557828B606CA008DDC3C /* SignModel.swift */,
				2BADDB1E28B8BDAA008305D3 /* ModelData.swift */,
			);
			path = Model;
			sourceTree = "<group>";
		};
		2BB01356289927950014773A /* models */ = {
			isa = PBXGroup;
			children = (
				2B8283CF289A14DE00C14B63 /* toy_drummer.usdz */,
				2BB01357289927D00014773A /* toy_biplane.usdz */,
			);
			path = models;
			sourceTree = "<group>";
		};
		2BB2D74428A39F0500390CA4 /* Views */ = {
			isa = PBXGroup;
			children = (
				2BBAB8BF28B4BB09001694F3 /* BoreArView.swift */,
				2BAF555728B5D838008DDC3C /* BoreArViewDelegate.swift */,
				2BBAB8C128B4BBF1001694F3 /* BoreArView+Coaching.swift */,
				2BBAB8C328B4BC36001694F3 /* BoreArView+Gesture.swift */,
				2BBAB8C528B4BF09001694F3 /* BoreArView+FocusEntity.swift */,
				2BB480A628BC916400BD23E5 /* BoreArView+Persistence.swift */,
				2BAF555328B5D05A008DDC3C /* ARViewContainer.swift */,
				2BAF555528B5D0F4008DDC3C /* ARViewCoordinator.swift */,
				2BBC473A28B75B7D00D7A781 /* SignEditView.swift */,
			);
			path = Views;
			sourceTree = "<group>";
		};
		2BBAB8C728B4CFD4001694F3 /* ARClasses */ = {
			isa = PBXGroup;
			children = (
				2BBAB8C828B4D001001694F3 /* SignEntity.swift */,
			);
			path = ARClasses;
			sourceTree = "<group>";
		};
		2BBC473C28B7602500D7A781 /* Utils */ = {
			isa = PBXGroup;
			children = (
				2BBC473D28B7603700D7A781 /* ColorUtil.swift */,
			);
			path = Utils;
			sourceTree = "<group>";
		};
/* End PBXGroup section */

/* Begin PBXNativeTarget section */
		2B1FE5032893E8320095457E /* ARDemo */ = {
			isa = PBXNativeTarget;
			buildConfigurationList = 2B1FE5152893E8350095457E /* Build configuration list for PBXNativeTarget "ARDemo" */;
			buildPhases = (
				2B1FE5002893E8320095457E /* Sources */,
				2B1FE5012893E8320095457E /* Frameworks */,
				2B1FE5022893E8320095457E /* Resources */,
			);
			buildRules = (
			);
			dependencies = (
			);
			name = ARDemo;
			packageProductDependencies = (
				2B7BF460289A5BEC00633AB7 /* FocusEntity */,
			);
			productName = ARDemo;
			productReference = 2B1FE5042893E8320095457E /* ARDemo.app */;
			productType = "com.apple.product-type.application";
		};
/* End PBXNativeTarget section */

/* Begin PBXProject section */
		2B1FE4FC2893E8320095457E /* Project object */ = {
			isa = PBXProject;
			attributes = {
				LastSwiftUpdateCheck = 1200;
				LastUpgradeCheck = 1200;
				TargetAttributes = {
					2B1FE5032893E8320095457E = {
						CreatedOnToolsVersion = 12.0;
					};
				};
			};
			buildConfigurationList = 2B1FE4FF2893E8320095457E /* Build configuration list for PBXProject "ARDemo" */;
			compatibilityVersion = "Xcode 9.3";
			developmentRegion = en;
			hasScannedForEncodings = 0;
			knownRegions = (
				en,
				Base,
			);
			mainGroup = 2B1FE4FB2893E8320095457E;
			packageReferences = (
				2B7BF45F289A5BEC00633AB7 /* XCRemoteSwiftPackageReference "FocusEntity" */,
			);
			productRefGroup = 2B1FE5052893E8320095457E /* Products */;
			projectDirPath = "";
			projectRoot = "";
			targets = (
				2B1FE5032893E8320095457E /* ARDemo */,
			);
		};
/* End PBXProject section */

/* Begin PBXResourcesBuildPhase section */
		2B1FE5022893E8320095457E /* Resources */ = {
			isa = PBXResourcesBuildPhase;
			buildActionMask = 2147483647;
			files = (
				2BB01358289927D00014773A /* toy_biplane.usdz in Resources */,
				2B1FE5112893E8350095457E /* Preview Assets.xcassets in Resources */,
				2B1FE50E2893E8350095457E /* Assets.xcassets in Resources */,
				2B8283D0289A14DE00C14B63 /* toy_drummer.usdz in Resources */,
			);
			runOnlyForDeploymentPostprocessing = 0;
		};
/* End PBXResourcesBuildPhase section */

/* Begin PBXSourcesBuildPhase section */
		2B1FE5002893E8320095457E /* Sources */ = {
			isa = PBXSourcesBuildPhase;
			buildActionMask = 2147483647;
			files = (
				2BAF557928B606CA008DDC3C /* SignModel.swift in Sources */,
				2BBC473B28B75B7D00D7A781 /* SignEditView.swift in Sources */,
				2BADDB1F28B8BDAA008305D3 /* ModelData.swift in Sources */,
				2B1FE50A2893E8320095457E /* ContentView.swift in Sources */,
				2BBAB8C928B4D001001694F3 /* SignEntity.swift in Sources */,
				2BAF555628B5D0F4008DDC3C /* ARViewCoordinator.swift in Sources */,
				2BBC473E28B7603700D7A781 /* ColorUtil.swift in Sources */,
				2BAF555828B5D838008DDC3C /* BoreArViewDelegate.swift in Sources */,
				2BBAB8C428B4BC36001694F3 /* BoreArView+Gesture.swift in Sources */,
				2BBAB8C228B4BBF1001694F3 /* BoreArView+Coaching.swift in Sources */,
				2BBAB8C628B4BF09001694F3 /* BoreArView+FocusEntity.swift in Sources */,
				2B1FE5082893E8320095457E /* AppDelegate.swift in Sources */,
				2BB480A728BC916400BD23E5 /* BoreArView+Persistence.swift in Sources */,
				2BBAB8C028B4BB09001694F3 /* BoreArView.swift in Sources */,
				2BAF555428B5D05A008DDC3C /* ARViewContainer.swift in Sources */,
			);
			runOnlyForDeploymentPostprocessing = 0;
		};
/* End PBXSourcesBuildPhase section */

/* Begin XCBuildConfiguration section */
		2B1FE5132893E8350095457E /* Debug */ = {
			isa = XCBuildConfiguration;
			buildSettings = {
				ALWAYS_SEARCH_USER_PATHS = NO;
				CLANG_ANALYZER_NONNULL = YES;
				CLANG_ANALYZER_NUMBER_OBJECT_CONVERSION = YES_AGGRESSIVE;
				CLANG_CXX_LANGUAGE_STANDARD = "gnu++14";
				CLANG_CXX_LIBRARY = "libc++";
				CLANG_ENABLE_MODULES = YES;
				CLANG_ENABLE_OBJC_ARC = YES;
				CLANG_ENABLE_OBJC_WEAK = YES;
				CLANG_WARN_BLOCK_CAPTURE_AUTORELEASING = YES;
				CLANG_WARN_BOOL_CONVERSION = YES;
				CLANG_WARN_COMMA = YES;
				CLANG_WARN_CONSTANT_CONVERSION = YES;
				CLANG_WARN_DEPRECATED_OBJC_IMPLEMENTATIONS = YES;
				CLANG_WARN_DIRECT_OBJC_ISA_USAGE = YES_ERROR;
				CLANG_WARN_DOCUMENTATION_COMMENTS = YES;
				CLANG_WARN_EMPTY_BODY = YES;
				CLANG_WARN_ENUM_CONVERSION = YES;
				CLANG_WARN_INFINITE_RECURSION = YES;
				CLANG_WARN_INT_CONVERSION = YES;
				CLANG_WARN_NON_LITERAL_NULL_CONVERSION = YES;
				CLANG_WARN_OBJC_IMPLICIT_RETAIN_SELF = YES;
				CLANG_WARN_OBJC_LITERAL_CONVERSION = YES;
				CLANG_WARN_OBJC_ROOT_CLASS = YES_ERROR;
				CLANG_WARN_QUOTED_INCLUDE_IN_FRAMEWORK_HEADER = YES;
				CLANG_WARN_RANGE_LOOP_ANALYSIS = YES;
				CLANG_WARN_STRICT_PROTOTYPES = YES;
				CLANG_WARN_SUSPICIOUS_MOVE = YES;
				CLANG_WARN_UNGUARDED_AVAILABILITY = YES_AGGRESSIVE;
				CLANG_WARN_UNREACHABLE_CODE = YES;
				CLANG_WARN__DUPLICATE_METHOD_MATCH = YES;
				COPY_PHASE_STRIP = NO;
				DEBUG_INFORMATION_FORMAT = dwarf;
				ENABLE_STRICT_OBJC_MSGSEND = YES;
				ENABLE_TESTABILITY = YES;
				GCC_C_LANGUAGE_STANDARD = gnu11;
				GCC_DYNAMIC_NO_PIC = NO;
				GCC_NO_COMMON_BLOCKS = YES;
				GCC_OPTIMIZATION_LEVEL = 0;
				GCC_PREPROCESSOR_DEFINITIONS = (
					"DEBUG=1",
					"$(inherited)",
				);
				GCC_WARN_64_TO_32_BIT_CONVERSION = YES;
				GCC_WARN_ABOUT_RETURN_TYPE = YES_ERROR;
				GCC_WARN_UNDECLARED_SELECTOR = YES;
				GCC_WARN_UNINITIALIZED_AUTOS = YES_AGGRESSIVE;
				GCC_WARN_UNUSED_FUNCTION = YES;
				GCC_WARN_UNUSED_VARIABLE = YES;
				IPHONEOS_DEPLOYMENT_TARGET = 14.0;
				MTL_ENABLE_DEBUG_INFO = INCLUDE_SOURCE;
				MTL_FAST_MATH = YES;
				ONLY_ACTIVE_ARCH = YES;
				SDKROOT = iphoneos;
				SWIFT_ACTIVE_COMPILATION_CONDITIONS = DEBUG;
				SWIFT_OPTIMIZATION_LEVEL = "-Onone";
			};
			name = Debug;
		};
		2B1FE5142893E8350095457E /* Release */ = {
			isa = XCBuildConfiguration;
			buildSettings = {
				ALWAYS_SEARCH_USER_PATHS = NO;
				CLANG_ANALYZER_NONNULL = YES;
				CLANG_ANALYZER_NUMBER_OBJECT_CONVERSION = YES_AGGRESSIVE;
				CLANG_CXX_LANGUAGE_STANDARD = "gnu++14";
				CLANG_CXX_LIBRARY = "libc++";
				CLANG_ENABLE_MODULES = YES;
				CLANG_ENABLE_OBJC_ARC = YES;
				CLANG_ENABLE_OBJC_WEAK = YES;
				CLANG_WARN_BLOCK_CAPTURE_AUTORELEASING = YES;
				CLANG_WARN_BOOL_CONVERSION = YES;
				CLANG_WARN_COMMA = YES;
				CLANG_WARN_CONSTANT_CONVERSION = YES;
				CLANG_WARN_DEPRECATED_OBJC_IMPLEMENTATIONS = YES;
				CLANG_WARN_DIRECT_OBJC_ISA_USAGE = YES_ERROR;
				CLANG_WARN_DOCUMENTATION_COMMENTS = YES;
				CLANG_WARN_EMPTY_BODY = YES;
				CLANG_WARN_ENUM_CONVERSION = YES;
				CLANG_WARN_INFINITE_RECURSION = YES;
				CLANG_WARN_INT_CONVERSION = YES;
				CLANG_WARN_NON_LITERAL_NULL_CONVERSION = YES;
				CLANG_WARN_OBJC_IMPLICIT_RETAIN_SELF = YES;
				CLANG_WARN_OBJC_LITERAL_CONVERSION = YES;
				CLANG_WARN_OBJC_ROOT_CLASS = YES_ERROR;
				CLANG_WARN_QUOTED_INCLUDE_IN_FRAMEWORK_HEADER = YES;
				CLANG_WARN_RANGE_LOOP_ANALYSIS = YES;
				CLANG_WARN_STRICT_PROTOTYPES = YES;
				CLANG_WARN_SUSPICIOUS_MOVE = YES;
				CLANG_WARN_UNGUARDED_AVAILABILITY = YES_AGGRESSIVE;
				CLANG_WARN_UNREACHABLE_CODE = YES;
				CLANG_WARN__DUPLICATE_METHOD_MATCH = YES;
				COPY_PHASE_STRIP = NO;
				DEBUG_INFORMATION_FORMAT = "dwarf-with-dsym";
				ENABLE_NS_ASSERTIONS = NO;
				ENABLE_STRICT_OBJC_MSGSEND = YES;
				GCC_C_LANGUAGE_STANDARD = gnu11;
				GCC_NO_COMMON_BLOCKS = YES;
				GCC_WARN_64_TO_32_BIT_CONVERSION = YES;
				GCC_WARN_ABOUT_RETURN_TYPE = YES_ERROR;
				GCC_WARN_UNDECLARED_SELECTOR = YES;
				GCC_WARN_UNINITIALIZED_AUTOS = YES_AGGRESSIVE;
				GCC_WARN_UNUSED_FUNCTION = YES;
				GCC_WARN_UNUSED_VARIABLE = YES;
				IPHONEOS_DEPLOYMENT_TARGET = 14.0;
				MTL_ENABLE_DEBUG_INFO = NO;
				MTL_FAST_MATH = YES;
				SDKROOT = iphoneos;
				SWIFT_COMPILATION_MODE = wholemodule;
				SWIFT_OPTIMIZATION_LEVEL = "-O";
				VALIDATE_PRODUCT = YES;
			};
			name = Release;
		};
		2B1FE5162893E8350095457E /* Debug */ = {
			isa = XCBuildConfiguration;
			buildSettings = {
				ASSETCATALOG_COMPILER_APPICON_NAME = AppIcon;
				ASSETCATALOG_COMPILER_GLOBAL_ACCENT_COLOR_NAME = AccentColor;
				CODE_SIGN_STYLE = Automatic;
				DEVELOPMENT_ASSET_PATHS = "\"ARDemo/Preview Content\"";
				DEVELOPMENT_TEAM = S54Y6UYAXC;
				ENABLE_PREVIEWS = YES;
				INFOPLIST_FILE = ARDemo/Info.plist;
				LD_RUNPATH_SEARCH_PATHS = (
					"$(inherited)",
					"@executable_path/Frameworks",
				);
				PRODUCT_BUNDLE_IDENTIFIER = com.boredream.ARDemo;
				PRODUCT_NAME = "$(TARGET_NAME)";
				SWIFT_VERSION = 5.0;
				TARGETED_DEVICE_FAMILY = "1,2";
			};
			name = Debug;
		};
		2B1FE5172893E8350095457E /* Release */ = {
			isa = XCBuildConfiguration;
			buildSettings = {
				ASSETCATALOG_COMPILER_APPICON_NAME = AppIcon;
				ASSETCATALOG_COMPILER_GLOBAL_ACCENT_COLOR_NAME = AccentColor;
				CODE_SIGN_STYLE = Automatic;
				DEVELOPMENT_ASSET_PATHS = "\"ARDemo/Preview Content\"";
				DEVELOPMENT_TEAM = S54Y6UYAXC;
				ENABLE_PREVIEWS = YES;
				INFOPLIST_FILE = ARDemo/Info.plist;
				LD_RUNPATH_SEARCH_PATHS = (
					"$(inherited)",
					"@executable_path/Frameworks",
				);
				PRODUCT_BUNDLE_IDENTIFIER = com.boredream.ARDemo;
				PRODUCT_NAME = "$(TARGET_NAME)";
				SWIFT_VERSION = 5.0;
				TARGETED_DEVICE_FAMILY = "1,2";
			};
			name = Release;
		};
/* End XCBuildConfiguration section */

/* Begin XCConfigurationList section */
		2B1FE4FF2893E8320095457E /* Build configuration list for PBXProject "ARDemo" */ = {
			isa = XCConfigurationList;
			buildConfigurations = (
				2B1FE5132893E8350095457E /* Debug */,
				2B1FE5142893E8350095457E /* Release */,
			);
			defaultConfigurationIsVisible = 0;
			defaultConfigurationName = Release;
		};
		2B1FE5152893E8350095457E /* Build configuration list for PBXNativeTarget "ARDemo" */ = {
			isa = XCConfigurationList;
			buildConfigurations = (
				2B1FE5162893E8350095457E /* Debug */,
				2B1FE5172893E8350095457E /* Release */,
			);
			defaultConfigurationIsVisible = 0;
			defaultConfigurationName = Release;
		};
/* End XCConfigurationList section */

/* Begin XCRemoteSwiftPackageReference section */
		2B7BF45F289A5BEC00633AB7 /* XCRemoteSwiftPackageReference "FocusEntity" */ = {
			isa = XCRemoteSwiftPackageReference;
			repositoryURL = "https://github.com/maxxfrazer/FocusEntity";
			requirement = {
				kind = upToNextMajorVersion;
				minimumVersion = 2.0.0;
			};
		};
/* End XCRemoteSwiftPackageReference section */

/* Begin XCSwiftPackageProductDependency section */
		2B7BF460289A5BEC00633AB7 /* FocusEntity */ = {
			isa = XCSwiftPackageProductDependency;
			package = 2B7BF45F289A5BEC00633AB7 /* XCRemoteSwiftPackageReference "FocusEntity" */;
			productName = FocusEntity;
		};
/* End XCSwiftPackageProductDependency section */
	};
	rootObject = 2B1FE4FC2893E8320095457E /* Project object */;
}
